
Microsoft Visual Studio Solution File, Format Version 12.00
# Visual Studio 15
VisualStudioVersion = 15.0.28307.2092
MinimumVisualStudioVersion = 10.0.40219.1
Project("{FAE04EC0-301F-11D3-BF4B-00C04F79EFBC}") = "2LAba", "2LAba\2LAba.csproj", "{1751D6B7-DF4C-4C0E-8042-F536F6C1451F}"
EndProject
Global
	GlobalSection(SolutionConfigurationPlatforms) = preSolution
		Debug|Any CPU = Debug|Any CPU
		Release|Any CPU = Release|Any CPU
	EndGlobalSection
	GlobalSection(ProjectConfigurationPlatforms) = postSolution
		{1751D6B7-DF4C-4C0E-8042-F536F6C1451F}.Debug|Any CPU.ActiveCfg = Debug|Any CPU
		{1751D6B7-DF4C-4C0E-8042-F536F6C1451F}.Debug|Any CPU.Build.0 = Debug|Any CPU
		{1751D6B7-DF4C-4C0E-8042-F536F6C1451F}.Release|Any CPU.ActiveCfg = Release|Any CPU
		{1751D6B7-DF4C-4C0E-8042-F536F6C1451F}.Release|Any CPU.Build.0 = Release|Any CPU
	EndGlobalSection
	GlobalSection(SolutionProperties) = preSolution
		HideSolutionNode = FALSE
	EndGlobalSection
	GlobalSection(ExtensibilityGlobals) = postSolution
		SolutionGuid = {09E97BD0-3C77-4DAF-85CA-420FD0375669}
	EndGlobalSection
EndGlobal
